
Microsoft Visual Studio Solution File, Format Version 12.00
# Visual Studio Version 17
VisualStudioVersion = 17.10.35027.167
MinimumVisualStudioVersion = 10.0.40219.1
Project("{8BC9CEB8-8B4A-11D0-8D11-00A0C91BC942}") = "MyGame", "MyGame.vcxproj", "{85B75638-0FAC-454B-8D77-03F2019A8DCC}"
EndProject
Global
	GlobalSection(SolutionConfigurationPlatforms) = preSolution
		Debug|x64 = Debug|x64
		Debug|x86 = Debug|x86
		Release|x64 = Release|x64
		Release|x86 = Release|x86
	EndGlobalSection
	GlobalSection(ProjectConfigurationPlatforms) = postSolution
		{85B75638-0FAC-454B-8D77-03F2019A8DCC}.Debug|x64.ActiveCfg = Debug|x64
		{85B75638-0FAC-454B-8D77-03F2019A8DCC}.Debug|x64.Build.0 = Debug|x64
		{85B75638-0FAC-454B-8D77-03F2019A8DCC}.Debug|x86.ActiveCfg = Debug|Win32
		{85B75638-0FAC-454B-8D77-03F2019A8DCC}.Debug|x86.Build.0 = Debug|Win32
		{85B75638-0FAC-454B-8D77-03F2019A8DCC}.Release|x64.ActiveCfg = Release|x64
		{85B75638-0FAC-454B-8D77-03F2019A8DCC}.Release|x64.Build.0 = Release|x64
		{85B75638-0FAC-454B-8D77-03F2019A8DCC}.Release|x86.ActiveCfg = Release|Win32
		{85B75638-0FAC-454B-8D77-03F2019A8DCC}.Release|x86.Build.0 = Release|Win32
	EndGlobalSection
	GlobalSection(SolutionProperties) = preSolution
		HideSolutionNode = FALSE
	EndGlobalSection
	GlobalSection(ExtensibilityGlobals) = postSolution
		SolutionGuid = {C092AAC5-1B6C-4C35-B417-F9868F288EBA}
	EndGlobalSection
EndGlobal
